// !$*UTF8*$!
{
	archiveVersion = 1;
	classes = {
	};
	objectVersion = 48;
	objects = {

/* Begin PBXBuildFile section */
		B33575EA206450A80043B54C /* AppDelegate.swift in Sources */ = {isa = PBXBuildFile; fileRef = B33575E9206450A80043B54C /* AppDelegate.swift */; };
		B33575EC206450A80043B54C /* ViewController.swift in Sources */ = {isa = PBXBuildFile; fileRef = B33575EB206450A80043B54C /* ViewController.swift */; };
		B33575F1206450A80043B54C /* Assets.xcassets in Resources */ = {isa = PBXBuildFile; fileRef = B33575F0206450A80043B54C /* Assets.xcassets */; };
		B33575F4206450A80043B54C /* LaunchScreen.storyboard in Resources */ = {isa = PBXBuildFile; fileRef = B33575F2206450A80043B54C /* LaunchScreen.storyboard */; };
		B33575FF206450A80043B54C /* SwiftTest2Tests.swift in Sources */ = {isa = PBXBuildFile; fileRef = B33575FE206450A80043B54C /* SwiftTest2Tests.swift */; };
		B335760A206450A80043B54C /* SwiftTest2UITests.swift in Sources */ = {isa = PBXBuildFile; fileRef = B3357609206450A80043B54C /* SwiftTest2UITests.swift */; };
		B33576182064525C0043B54C /* Main.storyboard in Resources */ = {isa = PBXBuildFile; fileRef = B33576172064525C0043B54C /* Main.storyboard */; };
/* End PBXBuildFile section */

/* Begin PBXContainerItemProxy section */
		B33575FB206450A80043B54C /* PBXContainerItemProxy */ = {
			isa = PBXContainerItemProxy;
			containerPortal = B33575DE206450A80043B54C /* Project object */;
			proxyType = 1;
			remoteGlobalIDString = B33575E5206450A80043B54C;
			remoteInfo = SwiftTest2;
		};
		B3357606206450A80043B54C /* PBXContainerItemProxy */ = {
			isa = PBXContainerItemProxy;
			containerPortal = B33575DE206450A80043B54C /* Project object */;
			proxyType = 1;
			remoteGlobalIDString = B33575E5206450A80043B54C;
			remoteInfo = SwiftTest2;
		};
/* End PBXContainerItemProxy section */

/* Begin PBXFileReference section */
		B33575E6206450A80043B54C /* SwiftTest2.app */ = {isa = PBXFileReference; explicitFileType = wrapper.application; includeInIndex = 0; path = SwiftTest2.app; sourceTree = BUILT_PRODUCTS_DIR; };
		B33575E9206450A80043B54C /* AppDelegate.swift */ = {isa = PBXFileReference; lastKnownFileType = sourcecode.swift; path = AppDelegate.swift; sourceTree = "<group>"; };
		B33575EB206450A80043B54C /* ViewController.swift */ = {isa = PBXFileReference; lastKnownFileType = sourcecode.swift; path = ViewController.swift; sourceTree = "<group>"; };
		B33575F0206450A80043B54C /* Assets.xcassets */ = {isa = PBXFileReference; lastKnownFileType = folder.assetcatalog; path = Assets.xcassets; sourceTree = "<group>"; };
		B33575F3206450A80043B54C /* Base */ = {isa = PBXFileReference; lastKnownFileType = file.storyboard; name = Base; path = Base.lproj/LaunchScreen.storyboard; sourceTree = "<group>"; };
		B33575F5206450A80043B54C /* Info.plist */ = {isa = PBXFileReference; lastKnownFileType = text.plist.xml; path = Info.plist; sourceTree = "<group>"; };
		B33575FA206450A80043B54C /* SwiftTest2Tests.xctest */ = {isa = PBXFileReference; explicitFileType = wrapper.cfbundle; includeInIndex = 0; path = SwiftTest2Tests.xctest; sourceTree = BUILT_PRODUCTS_DIR; };
		B33575FE206450A80043B54C /* SwiftTest2Tests.swift */ = {isa = PBXFileReference; lastKnownFileType = sourcecode.swift; path = SwiftTest2Tests.swift; sourceTree = "<group>"; };
		B3357600206450A80043B54C /* Info.plist */ = {isa = PBXFileReference; lastKnownFileType = text.plist.xml; path = Info.plist; sourceTree = "<group>"; };
		B3357605206450A80043B54C /* SwiftTest2UITests.xctest */ = {isa = PBXFileReference; explicitFileType = wrapper.cfbundle; includeInIndex = 0; path = SwiftTest2UITests.xctest; sourceTree = BUILT_PRODUCTS_DIR; };
		B3357609206450A80043B54C /* SwiftTest2UITests.swift */ = {isa = PBXFileReference; lastKnownFileType = sourcecode.swift; path = SwiftTest2UITests.swift; sourceTree = "<group>"; };
		B335760B206450A80043B54C /* Info.plist */ = {isa = PBXFileReference; lastKnownFileType = text.plist.xml; path = Info.plist; sourceTree = "<group>"; };
		B33576172064525C0043B54C /* Main.storyboard */ = {isa = PBXFileReference; fileEncoding = 4; lastKnownFileType = file.storyboard; path = Main.storyboard; sourceTree = "<group>"; };
/* End PBXFileReference section */

/* Begin PBXFrameworksBuildPhase section */
		B33575E3206450A80043B54C /* Frameworks */ = {
			isa = PBXFrameworksBuildPhase;
			buildActionMask = 2147483647;
			files = (
			);
			runOnlyForDeploymentPostprocessing = 0;
		};
		B33575F7206450A80043B54C /* Frameworks */ = {
			isa = PBXFrameworksBuildPhase;
			buildActionMask = 2147483647;
			files = (
			);
			runOnlyForDeploymentPostprocessing = 0;
		};
		B3357602206450A80043B54C /* Frameworks */ = {
			isa = PBXFrameworksBuildPhase;
			buildActionMask = 2147483647;
			files = (
			);
			runOnlyForDeploymentPostprocessing = 0;
		};
/* End PBXFrameworksBuildPhase section */

/* Begin PBXGroup section */
		B33575DD206450A80043B54C = {
			isa = PBXGroup;
			children = (
				B33575E8206450A80043B54C /* SwiftTest2 */,
				B33575FD206450A80043B54C /* SwiftTest2Tests */,
				B3357608206450A80043B54C /* SwiftTest2UITests */,
				B33575E7206450A80043B54C /* Products */,
			);
			sourceTree = "<group>";
		};
		B33575E7206450A80043B54C /* Products */ = {
			isa = PBXGroup;
			children = (
				B33575E6206450A80043B54C /* SwiftTest2.app */,
				B33575FA206450A80043B54C /* SwiftTest2Tests.xctest */,
				B3357605206450A80043B54C /* SwiftTest2UITests.xctest */,
			);
			name = Products;
			sourceTree = "<group>";
		};
		B33575E8206450A80043B54C /* SwiftTest2 */ = {
			isa = PBXGroup;
			children = (
				B33575E9206450A80043B54C /* AppDelegate.swift */,
				B33575EB206450A80043B54C /* ViewController.swift */,
				B33576172064525C0043B54C /* Main.storyboard */,
				B33575F0206450A80043B54C /* Assets.xcassets */,
				B33575F2206450A80043B54C /* LaunchScreen.storyboard */,
				B33575F5206450A80043B54C /* Info.plist */,
			);
			path = SwiftTest2;
			sourceTree = "<group>";
		};
		B33575FD206450A80043B54C /* SwiftTest2Tests */ = {
			isa = PBXGroup;
			children = (
				B33575FE206450A80043B54C /* SwiftTest2Tests.swift */,
				B3357600206450A80043B54C /* Info.plist */,
			);
			path = SwiftTest2Tests;
			sourceTree = "<group>";
		};
		B3357608206450A80043B54C /* SwiftTest2UITests */ = {
			isa = PBXGroup;
			children = (
				B3357609206450A80043B54C /* SwiftTest2UITests.swift */,
				B335760B206450A80043B54C /* Info.plist */,
			);
			path = SwiftTest2UITests;
			sourceTree = "<group>";
		};
/* End PBXGroup section */

/* Begin PBXNativeTarget section */
		B33575E5206450A80043B54C /* SwiftTest2 */ = {
			isa = PBXNativeTarget;
			buildConfigurationList = B335760E206450A80043B54C /* Build configuration list for PBXNativeTarget "SwiftTest2" */;
			buildPhases = (
				B33575E2206450A80043B54C /* Sources */,
				B33575E3206450A80043B54C /* Frameworks */,
				B33575E4206450A80043B54C /* Resources */,
			);
			buildRules = (
			);
			dependencies = (
			);
			name = SwiftTest2;
			productName = SwiftTest2;
			productReference = B33575E6206450A80043B54C /* SwiftTest2.app */;
			productType = "com.apple.product-type.application";
		};
		B33575F9206450A80043B54C /* SwiftTest2Tests */ = {
			isa = PBXNativeTarget;
			buildConfigurationList = B3357611206450A80043B54C /* Build configuration list for PBXNativeTarget "SwiftTest2Tests" */;
			buildPhases = (
				B33575F6206450A80043B54C /* Sources */,
				B33575F7206450A80043B54C /* Frameworks */,
				B33575F8206450A80043B54C /* Resources */,
			);
			buildRules = (
			);
			dependencies = (
				B33575FC206450A80043B54C /* PBXTargetDependency */,
			);
			name = SwiftTest2Tests;
			productName = SwiftTest2Tests;
			productReference = B33575FA206450A80043B54C /* SwiftTest2Tests.xctest */;
			productType = "com.apple.product-type.bundle.unit-test";
		};
		B3357604206450A80043B54C /* SwiftTest2UITests */ = {
			isa = PBXNativeTarget;
			buildConfigurationList = B3357614206450A80043B54C /* Build configuration list for PBXNativeTarget "SwiftTest2UITests" */;
			buildPhases = (
				B3357601206450A80043B54C /* Sources */,
				B3357602206450A80043B54C /* Frameworks */,
				B3357603206450A80043B54C /* Resources */,
			);
			buildRules = (
			);
			dependencies = (
				B3357607206450A80043B54C /* PBXTargetDependency */,
			);
			name = SwiftTest2UITests;
			productName = SwiftTest2UITests;
			productReference = B3357605206450A80043B54C /* SwiftTest2UITests.xctest */;
			productType = "com.apple.product-type.bundle.ui-testing";
		};
/* End PBXNativeTarget section */

/* Begin PBXProject section */
		B33575DE206450A80043B54C /* Project object */ = {
			isa = PBXProject;
			attributes = {
				LastSwiftUpdateCheck = 0920;
				LastUpgradeCheck = 0920;
				ORGANIZATIONNAME = "平川 一樹";
				TargetAttributes = {
					B33575E5206450A80043B54C = {
						CreatedOnToolsVersion = 9.2;
						ProvisioningStyle = Automatic;
					};
					B33575F9206450A80043B54C = {
						CreatedOnToolsVersion = 9.2;
						ProvisioningStyle = Automatic;
						TestTargetID = B33575E5206450A80043B54C;
					};
					B3357604206450A80043B54C = {
						CreatedOnToolsVersion = 9.2;
						ProvisioningStyle = Automatic;
						TestTargetID = B33575E5206450A80043B54C;
					};
				};
			};
			buildConfigurationList = B33575E1206450A80043B54C /* Build configuration list for PBXProject "SwiftTest2" */;
			compatibilityVersion = "Xcode 8.0";
			developmentRegion = en;
			hasScannedForEncodings = 0;
			knownRegions = (
				en,
				Base,
			);
			mainGroup = B33575DD206450A80043B54C;
			productRefGroup = B33575E7206450A80043B54C /* Products */;
			projectDirPath = "";
			projectRoot = "";
			targets = (
				B33575E5206450A80043B54C /* SwiftTest2 */,
				B33575F9206450A80043B54C /* SwiftTest2Tests */,
				B3357604206450A80043B54C /* SwiftTest2UITests */,
			);
		};
/* End PBXProject section */

/* Begin PBXResourcesBuildPhase section */
		B33575E4206450A80043B54C /* Resources */ = {
			isa = PBXResourcesBuildPhase;
			buildActionMask = 2147483647;
			files = (
				B33575F4206450A80043B54C /* LaunchScreen.storyboard in Resources */,
				B33575F1206450A80043B54C /* Assets.xcassets in Resources */,
				B33576182064525C0043B54C /* Main.storyboard in Resources */,
			);
			runOnlyForDeploymentPostprocessing = 0;
		};
		B33575F8206450A80043B54C /* Resources */ = {
			isa = PBXResourcesBuildPhase;
			buildActionMask = 2147483647;
			files = (
			);
			runOnlyForDeploymentPostprocessing = 0;
		};
		B3357603206450A80043B54C /* Resources */ = {
			isa = PBXResourcesBuildPhase;
			buildActionMask = 2147483647;
			files = (
			);
			runOnlyForDeploymentPostprocessing = 0;
		};
/* End PBXResourcesBuildPhase section */

/* Begin PBXSourcesBuildPhase section */
		B33575E2206450A80043B54C /* Sources */ = {
			isa = PBXSourcesBuildPhase;
			buildActionMask = 2147483647;
			files = (
				B33575EC206450A80043B54C /* ViewController.swift in Sources */,
				B33575EA206450A80043B54C /* AppDelegate.swift in Sources */,
			);
			runOnlyForDeploymentPostprocessing = 0;
		};
		B33575F6206450A80043B54C /* Sources */ = {
			isa = PBXSourcesBuildPhase;
			buildActionMask = 2147483647;
			files = (
				B33575FF206450A80043B54C /* SwiftTest2Tests.swift in Sources */,
			);
			runOnlyForDeploymentPostprocessing = 0;
		};
		B3357601206450A80043B54C /* Sources */ = {
			isa = PBXSourcesBuildPhase;
			buildActionMask = 2147483647;
			files = (
				B335760A206450A80043B54C /* SwiftTest2UITests.swift in Sources */,
			);
			runOnlyForDeploymentPostprocessing = 0;
		};
/* End PBXSourcesBuildPhase section */

/* Begin PBXTargetDependency section */
		B33575FC206450A80043B54C /* PBXTargetDependency */ = {
			isa = PBXTargetDependency;
			target = B33575E5206450A80043B54C /* SwiftTest2 */;
			targetProxy = B33575FB206450A80043B54C /* PBXContainerItemProxy */;
		};
		B3357607206450A80043B54C /* PBXTargetDependency */ = {
			isa = PBXTargetDependency;
			target = B33575E5206450A80043B54C /* SwiftTest2 */;
			targetProxy = B3357606206450A80043B54C /* PBXContainerItemProxy */;
		};
/* End PBXTargetDependency section */

/* Begin PBXVariantGroup section */
		B33575F2206450A80043B54C /* LaunchScreen.storyboard */ = {
			isa = PBXVariantGroup;
			children = (
				B33575F3206450A80043B54C /* Base */,
			);
			name = LaunchScreen.storyboard;
			sourceTree = "<group>";
		};
/* End PBXVariantGroup section */

/* Begin XCBuildConfiguration section */
		B335760C206450A80043B54C /* Debug */ = {
			isa = XCBuildConfiguration;
			buildSettings = {
				ALWAYS_SEARCH_USER_PATHS = NO;
				CLANG_ANALYZER_NONNULL = YES;
				CLANG_ANALYZER_NUMBER_OBJECT_CONVERSION = YES_AGGRESSIVE;
				CLANG_CXX_LANGUAGE_STANDARD = "gnu++14";
				CLANG_CXX_LIBRARY = "libc++";
				CLANG_ENABLE_MODULES = YES;
				CLANG_ENABLE_OBJC_ARC = YES;
				CLANG_WARN_BLOCK_CAPTURE_AUTORELEASING = YES;
				CLANG_WARN_BOOL_CONVERSION = YES;
				CLANG_WARN_COMMA = YES;
				CLANG_WARN_CONSTANT_CONVERSION = YES;
				CLANG_WARN_DIRECT_OBJC_ISA_USAGE = YES_ERROR;
				CLANG_WARN_DOCUMENTATION_COMMENTS = YES;
				CLANG_WARN_EMPTY_BODY = YES;
				CLANG_WARN_ENUM_CONVERSION = YES;
				CLANG_WARN_INFINITE_RECURSION = YES;
				CLANG_WARN_INT_CONVERSION = YES;
				CLANG_WARN_NON_LITERAL_NULL_CONVERSION = YES;
				CLANG_WARN_OBJC_LITERAL_CONVERSION = YES;
				CLANG_WARN_OBJC_ROOT_CLASS = YES_ERROR;
				CLANG_WARN_RANGE_LOOP_ANALYSIS = YES;
				CLANG_WARN_STRICT_PROTOTYPES = YES;
				CLANG_WARN_SUSPICIOUS_MOVE = YES;
				CLANG_WARN_UNGUARDED_AVAILABILITY = YES_AGGRESSIVE;
				CLANG_WARN_UNREACHABLE_CODE = YES;
				CLANG_WARN__DUPLICATE_METHOD_MATCH = YES;
				CODE_SIGN_IDENTITY = "iPhone Developer";
				COPY_PHASE_STRIP = NO;
				DEBUG_INFORMATION_FORMAT = dwarf;
				ENABLE_STRICT_OBJC_MSGSEND = YES;
				ENABLE_TESTABILITY = YES;
				GCC_C_LANGUAGE_STANDARD = gnu11;
				GCC_DYNAMIC_NO_PIC = NO;
				GCC_NO_COMMON_BLOCKS = YES;
				GCC_OPTIMIZATION_LEVEL = 0;
				GCC_PREPROCESSOR_DEFINITIONS = (
					"DEBUG=1",
					"$(inherited)",
				);
				GCC_WARN_64_TO_32_BIT_CONVERSION = YES;
				GCC_WARN_ABOUT_RETURN_TYPE = YES_ERROR;
				GCC_WARN_UNDECLARED_SELECTOR = YES;
				GCC_WARN_UNINITIALIZED_AUTOS = YES_AGGRESSIVE;
				GCC_WARN_UNUSED_FUNCTION = YES;
				GCC_WARN_UNUSED_VARIABLE = YES;
				IPHONEOS_DEPLOYMENT_TARGET = 11.2;
				MTL_ENABLE_DEBUG_INFO = YES;
				ONLY_ACTIVE_ARCH = YES;
				SDKROOT = iphoneos;
				SWIFT_ACTIVE_COMPILATION_CONDITIONS = DEBUG;
				SWIFT_OPTIMIZATION_LEVEL = "-Onone";
			};
			name = Debug;
		};
		B335760D206450A80043B54C /* Release */ = {
			isa = XCBuildConfiguration;
			buildSettings = {
				ALWAYS_SEARCH_USER_PATHS = NO;
				CLANG_ANALYZER_NONNULL = YES;
				CLANG_ANALYZER_NUMBER_OBJECT_CONVERSION = YES_AGGRESSIVE;
				CLANG_CXX_LANGUAGE_STANDARD = "gnu++14";
				CLANG_CXX_LIBRARY = "libc++";
				CLANG_ENABLE_MODULES = YES;
				CLANG_ENABLE_OBJC_ARC = YES;
				CLANG_WARN_BLOCK_CAPTURE_AUTORELEASING = YES;
				CLANG_WARN_BOOL_CONVERSION = YES;
				CLANG_WARN_COMMA = YES;
				CLANG_WARN_CONSTANT_CONVERSION = YES;
				CLANG_WARN_DIRECT_OBJC_ISA_USAGE = YES_ERROR;
				CLANG_WARN_DOCUMENTATION_COMMENTS = YES;
				CLANG_WARN_EMPTY_BODY = YES;
				CLANG_WARN_ENUM_CONVERSION = YES;
				CLANG_WARN_INFINITE_RECURSION = YES;
				CLANG_WARN_INT_CONVERSION = YES;
				CLANG_WARN_NON_LITERAL_NULL_CONVERSION = YES;
				CLANG_WARN_OBJC_LITERAL_CONVERSION = YES;
				CLANG_WARN_OBJC_ROOT_CLASS = YES_ERROR;
				CLANG_WARN_RANGE_LOOP_ANALYSIS = YES;
				CLANG_WARN_STRICT_PROTOTYPES = YES;
				CLANG_WARN_SUSPICIOUS_MOVE = YES;
				CLANG_WARN_UNGUARDED_AVAILABILITY = YES_AGGRESSIVE;
				CLANG_WARN_UNREACHABLE_CODE = YES;
				CLANG_WARN__DUPLICATE_METHOD_MATCH = YES;
				CODE_SIGN_IDENTITY = "iPhone Developer";
				COPY_PHASE_STRIP = NO;
				DEBUG_INFORMATION_FORMAT = "dwarf-with-dsym";
				ENABLE_NS_ASSERTIONS = NO;
				ENABLE_STRICT_OBJC_MSGSEND = YES;
				GCC_C_LANGUAGE_STANDARD = gnu11;
				GCC_NO_COMMON_BLOCKS = YES;
				GCC_WARN_64_TO_32_BIT_CONVERSION = YES;
				GCC_WARN_ABOUT_RETURN_TYPE = YES_ERROR;
				GCC_WARN_UNDECLARED_SELECTOR = YES;
				GCC_WARN_UNINITIALIZED_AUTOS = YES_AGGRESSIVE;
				GCC_WARN_UNUSED_FUNCTION = YES;
				GCC_WARN_UNUSED_VARIABLE = YES;
				IPHONEOS_DEPLOYMENT_TARGET = 11.2;
				MTL_ENABLE_DEBUG_INFO = NO;
				SDKROOT = iphoneos;
				SWIFT_OPTIMIZATION_LEVEL = "-Owholemodule";
				VALIDATE_PRODUCT = YES;
			};
			name = Release;
		};
		B335760F206450A80043B54C /* Debug */ = {
			isa = XCBuildConfiguration;
			buildSettings = {
				ASSETCATALOG_COMPILER_APPICON_NAME = AppIcon;
				CODE_SIGN_STYLE = Automatic;
				INFOPLIST_FILE = SwiftTest2/Info.plist;
				LD_RUNPATH_SEARCH_PATHS = "$(inherited) @executable_path/Frameworks";
				PRODUCT_BUNDLE_IDENTIFIER = KaZ.SwiftTest2;
				PRODUCT_NAME = "$(TARGET_NAME)";
				SWIFT_VERSION = 4.0;
				TARGETED_DEVICE_FAMILY = "1,2";
			};
			name = Debug;
		};
		B3357610206450A80043B54C /* Release */ = {
			isa = XCBuildConfiguration;
			buildSettings = {
				ASSETCATALOG_COMPILER_APPICON_NAME = AppIcon;
				CODE_SIGN_STYLE = Automatic;
				INFOPLIST_FILE = SwiftTest2/Info.plist;
				LD_RUNPATH_SEARCH_PATHS = "$(inherited) @executable_path/Frameworks";
				PRODUCT_BUNDLE_IDENTIFIER = KaZ.SwiftTest2;
				PRODUCT_NAME = "$(TARGET_NAME)";
				SWIFT_VERSION = 4.0;
				TARGETED_DEVICE_FAMILY = "1,2";
			};
			name = Release;
		};
		B3357612206450A80043B54C /* Debug */ = {
			isa = XCBuildConfiguration;
			buildSettings = {
				ALWAYS_EMBED_SWIFT_STANDARD_LIBRARIES = YES;
				BUNDLE_LOADER = "$(TEST_HOST)";
				CODE_SIGN_STYLE = Automatic;
				INFOPLIST_FILE = SwiftTest2Tests/Info.plist;
				LD_RUNPATH_SEARCH_PATHS = "$(inherited) @executable_path/Frameworks @loader_path/Frameworks";
				PRODUCT_BUNDLE_IDENTIFIER = KaZ.SwiftTest2Tests;
				PRODUCT_NAME = "$(TARGET_NAME)";
				SWIFT_VERSION = 4.0;
				TARGETED_DEVICE_FAMILY = "1,2";
				TEST_HOST = "$(BUILT_PRODUCTS_DIR)/SwiftTest2.app/SwiftTest2";
			};
			name = Debug;
		};
		B3357613206450A80043B54C /* Release */ = {
			isa = XCBuildConfiguration;
			buildSettings = {
				ALWAYS_EMBED_SWIFT_STANDARD_LIBRARIES = YES;
				BUNDLE_LOADER = "$(TEST_HOST)";
				CODE_SIGN_STYLE = Automatic;
				INFOPLIST_FILE = SwiftTest2Tests/Info.plist;
				LD_RUNPATH_SEARCH_PATHS = "$(inherited) @executable_path/Frameworks @loader_path/Frameworks";
				PRODUCT_BUNDLE_IDENTIFIER = KaZ.SwiftTest2Tests;
				PRODUCT_NAME = "$(TARGET_NAME)";
				SWIFT_VERSION = 4.0;
				TARGETED_DEVICE_FAMILY = "1,2";
				TEST_HOST = "$(BUILT_PRODUCTS_DIR)/SwiftTest2.app/SwiftTest2";
			};
			name = Release;
		};
		B3357615206450A80043B54C /* Debug */ = {
			isa = XCBuildConfiguration;
			buildSettings = {
				ALWAYS_EMBED_SWIFT_STANDARD_LIBRARIES = YES;
				CODE_SIGN_STYLE = Automatic;
				INFOPLIST_FILE = SwiftTest2UITests/Info.plist;
				LD_RUNPATH_SEARCH_PATHS = "$(inherited) @executable_path/Frameworks @loader_path/Frameworks";
				PRODUCT_BUNDLE_IDENTIFIER = KaZ.SwiftTest2UITests;
				PRODUCT_NAME = "$(TARGET_NAME)";
				SWIFT_VERSION = 4.0;
				TARGETED_DEVICE_FAMILY = "1,2";
				TEST_TARGET_NAME = SwiftTest2;
			};
			name = Debug;
		};
		B3357616206450A80043B54C /* Release */ = {
			isa = XCBuildConfiguration;
			buildSettings = {
				ALWAYS_EMBED_SWIFT_STANDARD_LIBRARIES = YES;
				CODE_SIGN_STYLE = Automatic;
				INFOPLIST_FILE = SwiftTest2UITests/Info.plist;
				LD_RUNPATH_SEARCH_PATHS = "$(inherited) @executable_path/Frameworks @loader_path/Frameworks";
				PRODUCT_BUNDLE_IDENTIFIER = KaZ.SwiftTest2UITests;
				PRODUCT_NAME = "$(TARGET_NAME)";
				SWIFT_VERSION = 4.0;
				TARGETED_DEVICE_FAMILY = "1,2";
				TEST_TARGET_NAME = SwiftTest2;
			};
			name = Release;
		};
/* End XCBuildConfiguration section */

/* Begin XCConfigurationList section */
		B33575E1206450A80043B54C /* Build configuration list for PBXProject "SwiftTest2" */ = {
			isa = XCConfigurationList;
			buildConfigurations = (
				B335760C206450A80043B54C /* Debug */,
				B335760D206450A80043B54C /* Release */,
			);
			defaultConfigurationIsVisible = 0;
			defaultConfigurationName = Release;
		};
		B335760E206450A80043B54C /* Build configuration list for PBXNativeTarget "SwiftTest2" */ = {
			isa = XCConfigurationList;
			buildConfigurations = (
				B335760F206450A80043B54C /* Debug */,
				B3357610206450A80043B54C /* Release */,
			);
			defaultConfigurationIsVisible = 0;
			defaultConfigurationName = Release;
		};
		B3357611206450A80043B54C /* Build configuration list for PBXNativeTarget "SwiftTest2Tests" */ = {
			isa = XCConfigurationList;
			buildConfigurations = (
				B3357612206450A80043B54C /* Debug */,
				B3357613206450A80043B54C /* Release */,
			);
			defaultConfigurationIsVisible = 0;
			defaultConfigurationName = Release;
		};
		B3357614206450A80043B54C /* Build configuration list for PBXNativeTarget "SwiftTest2UITests" */ = {
			isa = XCConfigurationList;
			buildConfigurations = (
				B3357615206450A80043B54C /* Debug */,
				B3357616206450A80043B54C /* Release */,
			);
			defaultConfigurationIsVisible = 0;
			defaultConfigurationName = Release;
		};
/* End XCConfigurationList section */
	};
	rootObject = B33575DE206450A80043B54C /* Project object */;
}
